{
  "name": "coodin_web",
  "lockfileVersion": 2,
  "requires": true,
  "packages": {
    "": {
      "dependencies": {
        "idle-vue": "^2.0.5",
        "uuid": "^8.3.2"
      }
    },
    "node_modules/idle-js": {
      "version": "0.1.3",
      "resolved": "https://registry.npmjs.org/idle-js/-/idle-js-0.1.3.tgz",
      "integrity": "sha512-Hvd+OLMUWfVJUv/HoX7wtBgPwx2OdcEd2TzXcBQJyuINXcf7Ig2SgxRMuq2wZNkarf/+DrzV7NxwjKcexIfWBg=="
    },
    "node_modules/idle-vue": {
      "version": "2.0.5",
      "resolved": "https://registry.npmjs.org/idle-vue/-/idle-vue-2.0.5.tgz",
      "integrity": "sha1-MA48zZWBcMTX76fMmuzoYHi+9XY=",
      "dependencies": {
        "idle-js": "^0.1.3"
      },
      "engines": {
        "node": ">= 4.0.0",
        "npm": ">= 3.0.0"
      }
    },
    "node_modules/uuid": {
      "version": "8.3.2",
      "resolved": "https://registry.npmjs.org/uuid/-/uuid-8.3.2.tgz",
      "integrity": "sha512-+NYs2QeMWy+GWFOEm9xnn6HCDp0l7QBD7ml8zLUmJ+93Q5NF0NocErnwkTkXVFNiX3/fpC6afS8Dhb/gz7R7eg==",
      "bin": {
        "uuid": "dist/bin/uuid"
      }
    }
  },
  "dependencies": {
    "idle-js": {
      "version": "0.1.3",
      "resolved": "https://registry.npmjs.org/idle-js/-/idle-js-0.1.3.tgz",
      "integrity": "sha512-Hvd+OLMUWfVJUv/HoX7wtBgPwx2OdcEd2TzXcBQJyuINXcf7Ig2SgxRMuq2wZNkarf/+DrzV7NxwjKcexIfWBg=="
    },
    "idle-vue": {
      "version": "2.0.5",
      "resolved": "https://registry.npmjs.org/idle-vue/-/idle-vue-2.0.5.tgz",
      "integrity": "sha1-MA48zZWBcMTX76fMmuzoYHi+9XY=",
      "requires": {
        "idle-js": "^0.1.3"
      }
    },
    "uuid": {
      "version": "8.3.2",
      "resolved": "https://registry.npmjs.org/uuid/-/uuid-8.3.2.tgz",
      "integrity": "sha512-+NYs2QeMWy+GWFOEm9xnn6HCDp0l7QBD7ml8zLUmJ+93Q5NF0NocErnwkTkXVFNiX3/fpC6afS8Dhb/gz7R7eg=="
    }
  }
}
